{
  "name": "data-structures",
  "version": "1.0.0",
  "lockfileVersion": 2,
  "requires": true,
  "packages": {
    "": {
      "name": "data-structures",
      "version": "1.0.0",
      "license": "ISC",
      "dependencies": {
        "commander": "^9.1.0",
        "moize": "^6.1.0",
        "react": "^18.0.0"
      }
    },
    "node_modules/commander": {
      "version": "9.2.0",
      "resolved": "https://registry.npmjs.org/commander/-/commander-9.2.0.tgz",
      "integrity": "sha512-e2i4wANQiSXgnrBlIatyHtP1odfUp0BbV5Y5nEGbxtIrStkEOAAzCUirvLBNXHLr7kwLvJl6V+4V3XV9x7Wd9w==",
      "engines": {
        "node": "^12.20.0 || >=14"
      }
    },
    "node_modules/fast-equals": {
      "version": "3.0.2",
      "resolved": "https://registry.npmjs.org/fast-equals/-/fast-equals-3.0.2.tgz",
      "integrity": "sha512-iY0fAmW7fzxHp22VCRLpOgWbsWsF+DJWi1jhc8w+VGlJUiS+KcGZV2A8t+Q9oTQwhG3L1W8Lu/oe3ZyOPdhZjw=="
    },
    "node_modules/js-tokens": {
      "version": "4.0.0",
      "resolved": "https://registry.npmjs.org/js-tokens/-/js-tokens-4.0.0.tgz",
      "integrity": "sha512-RdJUflcE3cUzKiMqQgsCu06FPu9UdIJO0beYbPhHN4k6apgJtifcoCtT9bcxOpYBtpD2kCM6Sbzg4CausW/PKQ=="
    },
    "node_modules/loose-envify": {
      "version": "1.4.0",
      "resolved": "https://registry.npmjs.org/loose-envify/-/loose-envify-1.4.0.tgz",
      "integrity": "sha512-lyuxPGr/Wfhrlem2CL/UcnUc1zcqKAImBDzukY7Y5F/yQiNdko6+fRLevlw1HgMySw7f611UIY408EtxRSoK3Q==",
      "dependencies": {
        "js-tokens": "^3.0.0 || ^4.0.0"
      },
      "bin": {
        "loose-envify": "cli.js"
      }
    },
    "node_modules/micro-memoize": {
      "version": "4.0.10",
      "resolved": "https://registry.npmjs.org/micro-memoize/-/micro-memoize-4.0.10.tgz",
      "integrity": "sha512-rk0OlvEQkShjbr2EvGn1+GdCsgLDgABQyM9ZV6VoHNU7hiNM+eSOkjGWhiNabU/XWiEalWbjNQrNO+zcqd+pEA=="
    },
    "node_modules/moize": {
      "version": "6.1.1",
      "resolved": "https://registry.npmjs.org/moize/-/moize-6.1.1.tgz",
      "integrity": "sha512-6bryLehIBVByDdAkXhoaPP1fknkoq1hNPmVCDYIb/w5zwfidT02zLSto1uGbmnv1GKu02ysgAEaJ5Ic7QQaGQA==",
      "dependencies": {
        "fast-equals": "^3.0.1",
        "micro-memoize": "^4.0.9"
      }
    },
    "node_modules/react": {
      "version": "18.1.0",
      "resolved": "https://registry.npmjs.org/react/-/react-18.1.0.tgz",
      "integrity": "sha512-4oL8ivCz5ZEPyclFQXaNksK3adutVS8l2xzZU0cqEFrE9Sb7fC0EFK5uEk74wIreL1DERyjvsU915j1pcT2uEQ==",
      "dependencies": {
        "loose-envify": "^1.1.0"
      },
      "engines": {
        "node": ">=0.10.0"
      }
    }
  },
  "dependencies": {
    "commander": {
      "version": "9.2.0",
      "resolved": "https://registry.npmjs.org/commander/-/commander-9.2.0.tgz",
      "integrity": "sha512-e2i4wANQiSXgnrBlIatyHtP1odfUp0BbV5Y5nEGbxtIrStkEOAAzCUirvLBNXHLr7kwLvJl6V+4V3XV9x7Wd9w=="
    },
    "fast-equals": {
      "version": "3.0.2",
      "resolved": "https://registry.npmjs.org/fast-equals/-/fast-equals-3.0.2.tgz",
      "integrity": "sha512-iY0fAmW7fzxHp22VCRLpOgWbsWsF+DJWi1jhc8w+VGlJUiS+KcGZV2A8t+Q9oTQwhG3L1W8Lu/oe3ZyOPdhZjw=="
    },
    "js-tokens": {
      "version": "4.0.0",
      "resolved": "https://registry.npmjs.org/js-tokens/-/js-tokens-4.0.0.tgz",
      "integrity": "sha512-RdJUflcE3cUzKiMqQgsCu06FPu9UdIJO0beYbPhHN4k6apgJtifcoCtT9bcxOpYBtpD2kCM6Sbzg4CausW/PKQ=="
    },
    "loose-envify": {
      "version": "1.4.0",
      "resolved": "https://registry.npmjs.org/loose-envify/-/loose-envify-1.4.0.tgz",
      "integrity": "sha512-lyuxPGr/Wfhrlem2CL/UcnUc1zcqKAImBDzukY7Y5F/yQiNdko6+fRLevlw1HgMySw7f611UIY408EtxRSoK3Q==",
      "requires": {
        "js-tokens": "^3.0.0 || ^4.0.0"
      }
    },
    "micro-memoize": {
      "version": "4.0.10",
      "resolved": "https://registry.npmjs.org/micro-memoize/-/micro-memoize-4.0.10.tgz",
      "integrity": "sha512-rk0OlvEQkShjbr2EvGn1+GdCsgLDgABQyM9ZV6VoHNU7hiNM+eSOkjGWhiNabU/XWiEalWbjNQrNO+zcqd+pEA=="
    },
    "moize": {
      "version": "6.1.1",
      "resolved": "https://registry.npmjs.org/moize/-/moize-6.1.1.tgz",
      "integrity": "sha512-6bryLehIBVByDdAkXhoaPP1fknkoq1hNPmVCDYIb/w5zwfidT02zLSto1uGbmnv1GKu02ysgAEaJ5Ic7QQaGQA==",
      "requires": {
        "fast-equals": "^3.0.1",
        "micro-memoize": "^4.0.9"
      }
    },
    "react": {
      "version": "18.1.0",
      "resolved": "https://registry.npmjs.org/react/-/react-18.1.0.tgz",
      "integrity": "sha512-4oL8ivCz5ZEPyclFQXaNksK3adutVS8l2xzZU0cqEFrE9Sb7fC0EFK5uEk74wIreL1DERyjvsU915j1pcT2uEQ==",
      "requires": {
        "loose-envify": "^1.1.0"
      }
    }
  }
}
